# THIS IS AN AUTOGENERATED FILE. DO NOT EDIT THIS FILE DIRECTLY.
# yarn lockfile v1


alpha@^1.1.0:
  version "1.1.0"
  resolved "http://127.0.0.1:4873/alpha/-/alpha-1.1.0.tgz#b1580e109b242c8b34a2d80ac4f2c722c822f029"
  integrity sha512-65RRWL/uZhtl8kPPr8BuAv2OgVDihI4WwGaTeE90IObjkL5wFtnwMYOjwVb/7Yd0Q6crkUus/bNJ0REfzLzK+Q==
